
Microsoft Visual Studio Solution File, Format Version 12.00
# Visual Studio Version 17
VisualStudioVersion = 17.0.31919.166
MinimumVisualStudioVersion = 10.0.40219.1
Project("{FAE04EC0-301F-11D3-BF4B-00C04F79EFBC}") = "clear", "clear\clear.csproj", "{5BC29C40-836C-4ABB-A37A-D9235E32807D}"
EndProject
Global
	GlobalSection(SolutionConfigurationPlatforms) = preSolution
		Debug|Any CPU = Debug|Any CPU
		Release|Any CPU = Release|Any CPU
	EndGlobalSection
	GlobalSection(ProjectConfigurationPlatforms) = postSolution
		{5BC29C40-836C-4ABB-A37A-D9235E32807D}.Debug|Any CPU.ActiveCfg = Debug|Any CPU
		{5BC29C40-836C-4ABB-A37A-D9235E32807D}.Debug|Any CPU.Build.0 = Debug|Any CPU
		{5BC29C40-836C-4ABB-A37A-D9235E32807D}.Release|Any CPU.ActiveCfg = Release|Any CPU
		{5BC29C40-836C-4ABB-A37A-D9235E32807D}.Release|Any CPU.Build.0 = Release|Any CPU
	EndGlobalSection
	GlobalSection(SolutionProperties) = preSolution
		HideSolutionNode = FALSE
	EndGlobalSection
	GlobalSection(ExtensibilityGlobals) = postSolution
		SolutionGuid = {E143D5BC-6093-4757-BA59-72B1C400B102}
	EndGlobalSection
EndGlobal
